# THIS IS AN AUTOGENERATED FILE. DO NOT EDIT THIS FILE DIRECTLY.
# yarn lockfile v1


babel-plugin-hook@^0.0.3:
  version "0.0.3"
  resolved "https://registry.npmjs.org/babel-plugin-hook/-/babel-plugin-hook-0.0.3.tgz#d718770af620db1714e38aab919a47c68e89fa27"
  integrity sha512-GHY9cs2F6DlsbnI7VC8CslyOdXInt9GgBU22/2uHA188tryrMUwbrzo1tQaCfcnWoFGkeS3Va/59UqOrgXh5sA==
